
Microsoft Visual Studio Solution File, Format Version 12.00
# Visual Studio 15
VisualStudioVersion = 15.0.28307.572
MinimumVisualStudioVersion = 10.0.40219.1
Project("{9A19103F-16F7-4668-BE54-9A1E7A4F7556}") = "Magni.APIClient", "Magni.APIClient\Magni.APIClient.csproj", "{34F7ECB4-869A-4721-93FD-A5A536932366}"
EndProject
Project("{FAE04EC0-301F-11D3-BF4B-00C04F79EFBC}") = "Magni.APIClientTester", "Magni.APIClientTester\Magni.APIClientTester.csproj", "{949ED0E7-1A51-4CC1-AF17-686EAD20680C}"
EndProject
Project("{FAE04EC0-301F-11D3-BF4B-00C04F79EFBC}") = "Magni.Core.APIClientTester", "Magni.Core.APIClientTester\Magni.Core.APIClientTester.csproj", "{D108A9E7-2773-40E8-8224-59869AB9BCA8}"
EndProject
Global
	GlobalSection(SolutionConfigurationPlatforms) = preSolution
		Debug|Any CPU = Debug|Any CPU
		Release|Any CPU = Release|Any CPU
	EndGlobalSection
	GlobalSection(ProjectConfigurationPlatforms) = postSolution
		{34F7ECB4-869A-4721-93FD-A5A536932366}.Debug|Any CPU.ActiveCfg = Debug|Any CPU
		{34F7ECB4-869A-4721-93FD-A5A536932366}.Debug|Any CPU.Build.0 = Debug|Any CPU
		{34F7ECB4-869A-4721-93FD-A5A536932366}.Release|Any CPU.ActiveCfg = Release|Any CPU
		{34F7ECB4-869A-4721-93FD-A5A536932366}.Release|Any CPU.Build.0 = Release|Any CPU
		{949ED0E7-1A51-4CC1-AF17-686EAD20680C}.Debug|Any CPU.ActiveCfg = Debug|Any CPU
		{949ED0E7-1A51-4CC1-AF17-686EAD20680C}.Debug|Any CPU.Build.0 = Debug|Any CPU
		{949ED0E7-1A51-4CC1-AF17-686EAD20680C}.Release|Any CPU.ActiveCfg = Release|Any CPU
		{949ED0E7-1A51-4CC1-AF17-686EAD20680C}.Release|Any CPU.Build.0 = Release|Any CPU
		{D108A9E7-2773-40E8-8224-59869AB9BCA8}.Debug|Any CPU.ActiveCfg = Debug|Any CPU
		{D108A9E7-2773-40E8-8224-59869AB9BCA8}.Debug|Any CPU.Build.0 = Debug|Any CPU
		{D108A9E7-2773-40E8-8224-59869AB9BCA8}.Release|Any CPU.ActiveCfg = Release|Any CPU
		{D108A9E7-2773-40E8-8224-59869AB9BCA8}.Release|Any CPU.Build.0 = Release|Any CPU
	EndGlobalSection
	GlobalSection(SolutionProperties) = preSolution
		HideSolutionNode = FALSE
	EndGlobalSection
	GlobalSection(ExtensibilityGlobals) = postSolution
		SolutionGuid = {5D864E5C-74ED-485A-BC05-52ECE88E0FA0}
	EndGlobalSection
EndGlobal
